
Microsoft Visual Studio Solution File, Format Version 12.00
# Visual Studio Version 17
VisualStudioVersion = 17.2.32526.322
MinimumVisualStudioVersion = 10.0.40219.1
Project("{9A19103F-16F7-4668-BE54-9A1E7A4F7556}") = "HappyGenyuanImsactUpdate", "HappyGenyuanImsactUpdate\HappyGenyuanImsactUpdate.csproj", "{CA429FBB-149E-4B0E-ACAC-B31845A675D4}"
EndProject
Project("{FAE04EC0-301F-11D3-BF4B-00C04F79EFBC}") = "HDiffPatchCreator", "HDiffPatchCreator\HDiffPatchCreator.csproj", "{7BC7537D-76F1-4AA7-8617-7C069FB82561}"
EndProject
Global
	GlobalSection(SolutionConfigurationPlatforms) = preSolution
		Debug|Any CPU = Debug|Any CPU
		Release|Any CPU = Release|Any CPU
	EndGlobalSection
	GlobalSection(ProjectConfigurationPlatforms) = postSolution
		{CA429FBB-149E-4B0E-ACAC-B31845A675D4}.Debug|Any CPU.ActiveCfg = Debug|Any CPU
		{CA429FBB-149E-4B0E-ACAC-B31845A675D4}.Debug|Any CPU.Build.0 = Debug|Any CPU
		{CA429FBB-149E-4B0E-ACAC-B31845A675D4}.Release|Any CPU.ActiveCfg = Release|Any CPU
		{CA429FBB-149E-4B0E-ACAC-B31845A675D4}.Release|Any CPU.Build.0 = Release|Any CPU
		{7BC7537D-76F1-4AA7-8617-7C069FB82561}.Debug|Any CPU.ActiveCfg = Debug|Any CPU
		{7BC7537D-76F1-4AA7-8617-7C069FB82561}.Debug|Any CPU.Build.0 = Debug|Any CPU
		{7BC7537D-76F1-4AA7-8617-7C069FB82561}.Release|Any CPU.ActiveCfg = Release|Any CPU
		{7BC7537D-76F1-4AA7-8617-7C069FB82561}.Release|Any CPU.Build.0 = Release|Any CPU
	EndGlobalSection
	GlobalSection(SolutionProperties) = preSolution
		HideSolutionNode = FALSE
	EndGlobalSection
	GlobalSection(ExtensibilityGlobals) = postSolution
		SolutionGuid = {2FCDC790-7724-49DA-9D4B-13BF716BD188}
	EndGlobalSection
EndGlobal
